
Microsoft Visual Studio Solution File, Format Version 11.00
# Visual Studio 2010
Project("{FAE04EC0-301F-11D3-BF4B-00C04F79EFBC}") = "ProjectParser", "ProjectParser\ProjectParser.csproj", "{3EB62A3F-1460-40EF-A1CB-949C2DD7EF78}"
EndProject
Project("{FAE04EC0-301F-11D3-BF4B-00C04F79EFBC}") = "ProjectTester", "ProjectTester\ProjectTester.csproj", "{5B9785B9-BFEB-4594-AFC6-E38676E8A48A}"
EndProject
Global
	GlobalSection(SolutionConfigurationPlatforms) = preSolution
		Debug|Any CPU = Debug|Any CPU
		Release|Any CPU = Release|Any CPU
	EndGlobalSection
	GlobalSection(ProjectConfigurationPlatforms) = postSolution
		{3EB62A3F-1460-40EF-A1CB-949C2DD7EF78}.Debug|Any CPU.ActiveCfg = Debug|Any CPU
		{3EB62A3F-1460-40EF-A1CB-949C2DD7EF78}.Debug|Any CPU.Build.0 = Debug|Any CPU
		{3EB62A3F-1460-40EF-A1CB-949C2DD7EF78}.Release|Any CPU.ActiveCfg = Release|Any CPU
		{3EB62A3F-1460-40EF-A1CB-949C2DD7EF78}.Release|Any CPU.Build.0 = Release|Any CPU
		{5B9785B9-BFEB-4594-AFC6-E38676E8A48A}.Debug|Any CPU.ActiveCfg = Debug|Any CPU
		{5B9785B9-BFEB-4594-AFC6-E38676E8A48A}.Debug|Any CPU.Build.0 = Debug|Any CPU
		{5B9785B9-BFEB-4594-AFC6-E38676E8A48A}.Release|Any CPU.ActiveCfg = Release|Any CPU
		{5B9785B9-BFEB-4594-AFC6-E38676E8A48A}.Release|Any CPU.Build.0 = Release|Any CPU
	EndGlobalSection
	GlobalSection(MonoDevelopProperties) = preSolution
		StartupItem = ProjectTester\ProjectTester.csproj
	EndGlobalSection
EndGlobal
